
Microsoft Visual Studio Solution File, Format Version 12.00
# Visual Studio Version 17
VisualStudioVersion = 17.8.34525.116
MinimumVisualStudioVersion = 10.0.40219.1
Project("{FAE04EC0-301F-11D3-BF4B-00C04F79EFBC}") = "ApiMovies", "ApiMovies\ApiMovies.csproj", "{151A9C1F-8384-4486-BA04-5B5D08FE372E}"
EndProject
Global
	GlobalSection(SolutionConfigurationPlatforms) = preSolution
		Debug|Any CPU = Debug|Any CPU
		Release|Any CPU = Release|Any CPU
	EndGlobalSection
	GlobalSection(ProjectConfigurationPlatforms) = postSolution
		{151A9C1F-8384-4486-BA04-5B5D08FE372E}.Debug|Any CPU.ActiveCfg = Debug|Any CPU
		{151A9C1F-8384-4486-BA04-5B5D08FE372E}.Debug|Any CPU.Build.0 = Debug|Any CPU
		{151A9C1F-8384-4486-BA04-5B5D08FE372E}.Release|Any CPU.ActiveCfg = Release|Any CPU
		{151A9C1F-8384-4486-BA04-5B5D08FE372E}.Release|Any CPU.Build.0 = Release|Any CPU
	EndGlobalSection
	GlobalSection(SolutionProperties) = preSolution
		HideSolutionNode = FALSE
	EndGlobalSection
	GlobalSection(ExtensibilityGlobals) = postSolution
		SolutionGuid = {3DDF0729-0020-4EEA-BE25-1FCD63E396CD}
	EndGlobalSection
EndGlobal
